
Microsoft Visual Studio Solution File, Format Version 12.00
# Visual Studio Version 16
VisualStudioVersion = 16.0.30104.148
MinimumVisualStudioVersion = 10.0.40219.1
Project("{9A19103F-16F7-4668-BE54-9A1E7A4F7556}") = "Sutro.Core.Models", "Sutro.Core.Models\Sutro.Core.Models.csproj", "{C0D5AE1D-10A6-4189-861E-1EA935B82865}"
EndProject
Global
	GlobalSection(SolutionConfigurationPlatforms) = preSolution
		Debug|Any CPU = Debug|Any CPU
		Release|Any CPU = Release|Any CPU
	EndGlobalSection
	GlobalSection(ProjectConfigurationPlatforms) = postSolution
		{C0D5AE1D-10A6-4189-861E-1EA935B82865}.Debug|Any CPU.ActiveCfg = Debug|Any CPU
		{C0D5AE1D-10A6-4189-861E-1EA935B82865}.Debug|Any CPU.Build.0 = Debug|Any CPU
		{C0D5AE1D-10A6-4189-861E-1EA935B82865}.Release|Any CPU.ActiveCfg = Release|Any CPU
		{C0D5AE1D-10A6-4189-861E-1EA935B82865}.Release|Any CPU.Build.0 = Release|Any CPU
	EndGlobalSection
	GlobalSection(SolutionProperties) = preSolution
		HideSolutionNode = FALSE
	EndGlobalSection
	GlobalSection(ExtensibilityGlobals) = postSolution
		SolutionGuid = {25BCCB9A-CEB2-4F50-A821-B80D3864CF2E}
	EndGlobalSection
	GlobalSection(NDepend) = preSolution
		Project = ".\Sutro.Core.Models.ndproj"
	EndGlobalSection
EndGlobal
